
Microsoft Visual Studio Solution File, Format Version 12.00
# Visual Studio Version 17
VisualStudioVersion = 17.14.36414.22 d17.14
MinimumVisualStudioVersion = 10.0.40219.1
Project("{FAE04EC0-301F-11D3-BF4B-00C04F79EFBC}") = "ST10441211_PROG6212_POE", "ST10441211_PROG6212_POE\ST10441211_PROG6212_POE.csproj", "{83B07C24-9892-4D0A-9F75-73649C456225}"
EndProject
Global
	GlobalSection(SolutionConfigurationPlatforms) = preSolution
		Debug|Any CPU = Debug|Any CPU
		Release|Any CPU = Release|Any CPU
	EndGlobalSection
	GlobalSection(ProjectConfigurationPlatforms) = postSolution
		{83B07C24-9892-4D0A-9F75-73649C456225}.Debug|Any CPU.ActiveCfg = Debug|Any CPU
		{83B07C24-9892-4D0A-9F75-73649C456225}.Debug|Any CPU.Build.0 = Debug|Any CPU
		{83B07C24-9892-4D0A-9F75-73649C456225}.Release|Any CPU.ActiveCfg = Release|Any CPU
		{83B07C24-9892-4D0A-9F75-73649C456225}.Release|Any CPU.Build.0 = Release|Any CPU
	EndGlobalSection
	GlobalSection(SolutionProperties) = preSolution
		HideSolutionNode = FALSE
	EndGlobalSection
	GlobalSection(ExtensibilityGlobals) = postSolution
		SolutionGuid = {FE125D23-6CBF-46F9-8CE6-6A4B67B05CA4}
	EndGlobalSection
EndGlobal
